
Microsoft Visual Studio Solution File, Format Version 12.00
# Visual Studio Version 17
VisualStudioVersion = 17.4.33103.184
MinimumVisualStudioVersion = 10.0.40219.1
Project("{FAE04EC0-301F-11D3-BF4B-00C04F79EFBC}") = "Lab01_Pakhomov", "Lab01_Pakhomov\Lab01_Pakhomov.csproj", "{C99A67B0-4B58-40E2-AF27-0EBF42672F52}"
EndProject
Global
	GlobalSection(SolutionConfigurationPlatforms) = preSolution
		Debug|Any CPU = Debug|Any CPU
		Release|Any CPU = Release|Any CPU
	EndGlobalSection
	GlobalSection(ProjectConfigurationPlatforms) = postSolution
		{C99A67B0-4B58-40E2-AF27-0EBF42672F52}.Debug|Any CPU.ActiveCfg = Debug|Any CPU
		{C99A67B0-4B58-40E2-AF27-0EBF42672F52}.Debug|Any CPU.Build.0 = Debug|Any CPU
		{C99A67B0-4B58-40E2-AF27-0EBF42672F52}.Release|Any CPU.ActiveCfg = Release|Any CPU
		{C99A67B0-4B58-40E2-AF27-0EBF42672F52}.Release|Any CPU.Build.0 = Release|Any CPU
	EndGlobalSection
	GlobalSection(SolutionProperties) = preSolution
		HideSolutionNode = FALSE
	EndGlobalSection
	GlobalSection(ExtensibilityGlobals) = postSolution
		SolutionGuid = {F8D64E3E-CC96-4B23-99DA-016B1A81DC53}
	EndGlobalSection
EndGlobal
